
Microsoft Visual Studio Solution File, Format Version 12.00
# Visual Studio 14
VisualStudioVersion = 14.0.25420.1
MinimumVisualStudioVersion = 10.0.40219.1
Project("{FAE04EC0-301F-11D3-BF4B-00C04F79EFBC}") = "fTelnetClient", "fTelnetClient\fTelnetClient.csproj", "{7672E7BF-8476-4EBA-832A-D058D77DEE41}"
	ProjectSection(ProjectDependencies) = postProject
		{34C94C5D-27F7-4A4D-A93E-2B1AA5C5F663} = {34C94C5D-27F7-4A4D-A93E-2B1AA5C5F663}
		{59D78473-FA5A-4398-9A21-2AAF9C321A26} = {59D78473-FA5A-4398-9A21-2AAF9C321A26}
		{333BDBBE-B80D-4A85-84A6-828DFC38A9B4} = {333BDBBE-B80D-4A85-84A6-828DFC38A9B4}
		{5CC2A3C6-414F-4BCD-82B6-987459163576} = {5CC2A3C6-414F-4BCD-82B6-987459163576}
		{152542DA-2C72-4411-B09A-1EB144605391} = {152542DA-2C72-4411-B09A-1EB144605391}
	EndProjectSection
EndProject
Project("{FAE04EC0-301F-11D3-BF4B-00C04F79EFBC}") = "Common", "Common\Common.csproj", "{152542DA-2C72-4411-B09A-1EB144605391}"
EndProject
Project("{FAE04EC0-301F-11D3-BF4B-00C04F79EFBC}") = "FileTransfer", "FileTransfer\FileTransfer.csproj", "{5CC2A3C6-414F-4BCD-82B6-987459163576}"
	ProjectSection(ProjectDependencies) = postProject
		{1A746833-D395-4B3C-98A3-0C7018A22099} = {1A746833-D395-4B3C-98A3-0C7018A22099}
		{34C94C5D-27F7-4A4D-A93E-2B1AA5C5F663} = {34C94C5D-27F7-4A4D-A93E-2B1AA5C5F663}
		{59D78473-FA5A-4398-9A21-2AAF9C321A26} = {59D78473-FA5A-4398-9A21-2AAF9C321A26}
		{152542DA-2C72-4411-B09A-1EB144605391} = {152542DA-2C72-4411-B09A-1EB144605391}
	EndProjectSection
EndProject
Project("{FAE04EC0-301F-11D3-BF4B-00C04F79EFBC}") = "CrtControls", "CrtControls\CrtControls.csproj", "{1A746833-D395-4B3C-98A3-0C7018A22099}"
	ProjectSection(ProjectDependencies) = postProject
		{59D78473-FA5A-4398-9A21-2AAF9C321A26} = {59D78473-FA5A-4398-9A21-2AAF9C321A26}
		{152542DA-2C72-4411-B09A-1EB144605391} = {152542DA-2C72-4411-B09A-1EB144605391}
	EndProjectSection
EndProject
Project("{FAE04EC0-301F-11D3-BF4B-00C04F79EFBC}") = "Crt", "Crt\Crt.csproj", "{59D78473-FA5A-4398-9A21-2AAF9C321A26}"
	ProjectSection(ProjectDependencies) = postProject
		{152542DA-2C72-4411-B09A-1EB144605391} = {152542DA-2C72-4411-B09A-1EB144605391}
	EndProjectSection
EndProject
Project("{FAE04EC0-301F-11D3-BF4B-00C04F79EFBC}") = "Graph", "Graph\Graph.csproj", "{333BDBBE-B80D-4A85-84A6-828DFC38A9B4}"
	ProjectSection(ProjectDependencies) = postProject
		{59D78473-FA5A-4398-9A21-2AAF9C321A26} = {59D78473-FA5A-4398-9A21-2AAF9C321A26}
		{152542DA-2C72-4411-B09A-1EB144605391} = {152542DA-2C72-4411-B09A-1EB144605391}
	EndProjectSection
EndProject
Project("{FAE04EC0-301F-11D3-BF4B-00C04F79EFBC}") = "Connections", "Connections\Connections.csproj", "{34C94C5D-27F7-4A4D-A93E-2B1AA5C5F663}"
	ProjectSection(ProjectDependencies) = postProject
		{59D78473-FA5A-4398-9A21-2AAF9C321A26} = {59D78473-FA5A-4398-9A21-2AAF9C321A26}
		{152542DA-2C72-4411-B09A-1EB144605391} = {152542DA-2C72-4411-B09A-1EB144605391}
	EndProjectSection
EndProject
Global
	GlobalSection(SolutionConfigurationPlatforms) = preSolution
		Debug|Any CPU = Debug|Any CPU
		Release|Any CPU = Release|Any CPU
	EndGlobalSection
	GlobalSection(ProjectConfigurationPlatforms) = postSolution
		{7672E7BF-8476-4EBA-832A-D058D77DEE41}.Debug|Any CPU.ActiveCfg = Debug|Any CPU
		{7672E7BF-8476-4EBA-832A-D058D77DEE41}.Debug|Any CPU.Build.0 = Debug|Any CPU
		{7672E7BF-8476-4EBA-832A-D058D77DEE41}.Release|Any CPU.ActiveCfg = Release|Any CPU
		{7672E7BF-8476-4EBA-832A-D058D77DEE41}.Release|Any CPU.Build.0 = Release|Any CPU
		{152542DA-2C72-4411-B09A-1EB144605391}.Debug|Any CPU.ActiveCfg = Debug|Any CPU
		{152542DA-2C72-4411-B09A-1EB144605391}.Debug|Any CPU.Build.0 = Debug|Any CPU
		{152542DA-2C72-4411-B09A-1EB144605391}.Release|Any CPU.ActiveCfg = Release|Any CPU
		{152542DA-2C72-4411-B09A-1EB144605391}.Release|Any CPU.Build.0 = Release|Any CPU
		{5CC2A3C6-414F-4BCD-82B6-987459163576}.Debug|Any CPU.ActiveCfg = Debug|Any CPU
		{5CC2A3C6-414F-4BCD-82B6-987459163576}.Debug|Any CPU.Build.0 = Debug|Any CPU
		{5CC2A3C6-414F-4BCD-82B6-987459163576}.Release|Any CPU.ActiveCfg = Release|Any CPU
		{5CC2A3C6-414F-4BCD-82B6-987459163576}.Release|Any CPU.Build.0 = Release|Any CPU
		{1A746833-D395-4B3C-98A3-0C7018A22099}.Debug|Any CPU.ActiveCfg = Debug|Any CPU
		{1A746833-D395-4B3C-98A3-0C7018A22099}.Debug|Any CPU.Build.0 = Debug|Any CPU
		{1A746833-D395-4B3C-98A3-0C7018A22099}.Release|Any CPU.ActiveCfg = Release|Any CPU
		{1A746833-D395-4B3C-98A3-0C7018A22099}.Release|Any CPU.Build.0 = Release|Any CPU
		{59D78473-FA5A-4398-9A21-2AAF9C321A26}.Debug|Any CPU.ActiveCfg = Debug|Any CPU
		{59D78473-FA5A-4398-9A21-2AAF9C321A26}.Debug|Any CPU.Build.0 = Debug|Any CPU
		{59D78473-FA5A-4398-9A21-2AAF9C321A26}.Release|Any CPU.ActiveCfg = Release|Any CPU
		{59D78473-FA5A-4398-9A21-2AAF9C321A26}.Release|Any CPU.Build.0 = Release|Any CPU
		{333BDBBE-B80D-4A85-84A6-828DFC38A9B4}.Debug|Any CPU.ActiveCfg = Debug|Any CPU
		{333BDBBE-B80D-4A85-84A6-828DFC38A9B4}.Debug|Any CPU.Build.0 = Debug|Any CPU
		{333BDBBE-B80D-4A85-84A6-828DFC38A9B4}.Release|Any CPU.ActiveCfg = Release|Any CPU
		{333BDBBE-B80D-4A85-84A6-828DFC38A9B4}.Release|Any CPU.Build.0 = Release|Any CPU
		{34C94C5D-27F7-4A4D-A93E-2B1AA5C5F663}.Debug|Any CPU.ActiveCfg = Debug|Any CPU
		{34C94C5D-27F7-4A4D-A93E-2B1AA5C5F663}.Debug|Any CPU.Build.0 = Debug|Any CPU
		{34C94C5D-27F7-4A4D-A93E-2B1AA5C5F663}.Release|Any CPU.ActiveCfg = Release|Any CPU
		{34C94C5D-27F7-4A4D-A93E-2B1AA5C5F663}.Release|Any CPU.Build.0 = Release|Any CPU
	EndGlobalSection
	GlobalSection(SolutionProperties) = preSolution
		HideSolutionNode = FALSE
	EndGlobalSection
EndGlobal
